// !$*UTF8*$!
{
	archiveVersion = 1;
	classes = {
	};
	objectVersion = 50;
	objects = {

/* Begin PBXBuildFile section */
		00E4334C2271EF45004EB282 /* AppDelegate.swift in Sources */ = {isa = PBXBuildFile; fileRef = 00E4334B2271EF45004EB282 /* AppDelegate.swift */; };
		00E4334E2271EF45004EB282 /* ViewController.swift in Sources */ = {isa = PBXBuildFile; fileRef = 00E4334D2271EF45004EB282 /* ViewController.swift */; };
		00E433512271EF45004EB282 /* Main.storyboard in Resources */ = {isa = PBXBuildFile; fileRef = 00E4334F2271EF45004EB282 /* Main.storyboard */; };
		00E433532271EF48004EB282 /* Assets.xcassets in Resources */ = {isa = PBXBuildFile; fileRef = 00E433522271EF48004EB282 /* Assets.xcassets */; };
		00E433562271EF48004EB282 /* LaunchScreen.storyboard in Resources */ = {isa = PBXBuildFile; fileRef = 00E433542271EF48004EB282 /* LaunchScreen.storyboard */; };
		471EEFC45411589D087A17F8 /* Pods_readFromCSV.framework in Frameworks */ = {isa = PBXBuildFile; fileRef = A43DF1C648954A99B4693952 /* Pods_readFromCSV.framework */; };
/* End PBXBuildFile section */

/* Begin PBXFileReference section */
		00E433482271EF45004EB282 /* readFromCSV.app */ = {isa = PBXFileReference; explicitFileType = wrapper.application; includeInIndex = 0; path = readFromCSV.app; sourceTree = BUILT_PRODUCTS_DIR; };
		00E4334B2271EF45004EB282 /* AppDelegate.swift */ = {isa = PBXFileReference; lastKnownFileType = sourcecode.swift; path = AppDelegate.swift; sourceTree = "<group>"; };
		00E4334D2271EF45004EB282 /* ViewController.swift */ = {isa = PBXFileReference; lastKnownFileType = sourcecode.swift; path = ViewController.swift; sourceTree = "<group>"; };
		00E433502271EF45004EB282 /* Base */ = {isa = PBXFileReference; lastKnownFileType = file.storyboard; name = Base; path = Base.lproj/Main.storyboard; sourceTree = "<group>"; };
		00E433522271EF48004EB282 /* Assets.xcassets */ = {isa = PBXFileReference; lastKnownFileType = folder.assetcatalog; path = Assets.xcassets; sourceTree = "<group>"; };
		00E433552271EF48004EB282 /* Base */ = {isa = PBXFileReference; lastKnownFileType = file.storyboard; name = Base; path = Base.lproj/LaunchScreen.storyboard; sourceTree = "<group>"; };
		00E433572271EF48004EB282 /* Info.plist */ = {isa = PBXFileReference; lastKnownFileType = text.plist.xml; path = Info.plist; sourceTree = "<group>"; };
		7FF72E2973E0F6F3930A604A /* Pods-readFromCSV.release.xcconfig */ = {isa = PBXFileReference; includeInIndex = 1; lastKnownFileType = text.xcconfig; name = "Pods-readFromCSV.release.xcconfig"; path = "Target Support Files/Pods-readFromCSV/Pods-readFromCSV.release.xcconfig"; sourceTree = "<group>"; };
		A43DF1C648954A99B4693952 /* Pods_readFromCSV.framework */ = {isa = PBXFileReference; explicitFileType = wrapper.framework; includeInIndex = 0; path = Pods_readFromCSV.framework; sourceTree = BUILT_PRODUCTS_DIR; };
		E177134443452140B8A5B561 /* Pods-readFromCSV.debug.xcconfig */ = {isa = PBXFileReference; includeInIndex = 1; lastKnownFileType = text.xcconfig; name = "Pods-readFromCSV.debug.xcconfig"; path = "Target Support Files/Pods-readFromCSV/Pods-readFromCSV.debug.xcconfig"; sourceTree = "<group>"; };
/* End PBXFileReference section */

/* Begin PBXFrameworksBuildPhase section */
		00E433452271EF45004EB282 /* Frameworks */ = {
			isa = PBXFrameworksBuildPhase;
			buildActionMask = 2147483647;
			files = (
				471EEFC45411589D087A17F8 /* Pods_readFromCSV.framework in Frameworks */,
			);
			runOnlyForDeploymentPostprocessing = 0;
		};
/* End PBXFrameworksBuildPhase section */

/* Begin PBXGroup section */
		00E4333F2271EF45004EB282 = {
			isa = PBXGroup;
			children = (
				00E4334A2271EF45004EB282 /* readFromCSV */,
				00E433492271EF45004EB282 /* Products */,
				9AFBF4D266B3601BBAC6608F /* Pods */,
				7D2CF537B28C6B68A5C76146 /* Frameworks */,
			);
			sourceTree = "<group>";
		};
		00E433492271EF45004EB282 /* Products */ = {
			isa = PBXGroup;
			children = (
				00E433482271EF45004EB282 /* readFromCSV.app */,
			);
			name = Products;
			sourceTree = "<group>";
		};
		00E4334A2271EF45004EB282 /* readFromCSV */ = {
			isa = PBXGroup;
			children = (
				00E4334B2271EF45004EB282 /* AppDelegate.swift */,
				00E4334D2271EF45004EB282 /* ViewController.swift */,
				00E4334F2271EF45004EB282 /* Main.storyboard */,
				00E433522271EF48004EB282 /* Assets.xcassets */,
				00E433542271EF48004EB282 /* LaunchScreen.storyboard */,
				00E433572271EF48004EB282 /* Info.plist */,
			);
			path = readFromCSV;
			sourceTree = "<group>";
		};
		7D2CF537B28C6B68A5C76146 /* Frameworks */ = {
			isa = PBXGroup;
			children = (
				A43DF1C648954A99B4693952 /* Pods_readFromCSV.framework */,
			);
			name = Frameworks;
			sourceTree = "<group>";
		};
		9AFBF4D266B3601BBAC6608F /* Pods */ = {
			isa = PBXGroup;
			children = (
				E177134443452140B8A5B561 /* Pods-readFromCSV.debug.xcconfig */,
				7FF72E2973E0F6F3930A604A /* Pods-readFromCSV.release.xcconfig */,
			);
			path = Pods;
			sourceTree = "<group>";
		};
/* End PBXGroup section */

/* Begin PBXNativeTarget section */
		00E433472271EF45004EB282 /* readFromCSV */ = {
			isa = PBXNativeTarget;
			buildConfigurationList = 00E4335A2271EF48004EB282 /* Build configuration list for PBXNativeTarget "readFromCSV" */;
			buildPhases = (
				9DBB944D6447A3EF5F9E42CF /* [CP] Check Pods Manifest.lock */,
				00E433442271EF45004EB282 /* Sources */,
				00E433452271EF45004EB282 /* Frameworks */,
				00E433462271EF45004EB282 /* Resources */,
				DD6ADE9A2EB23ECBA8A0A76E /* [CP] Embed Pods Frameworks */,
			);
			buildRules = (
			);
			dependencies = (
			);
			name = readFromCSV;
			productName = readFromCSV;
			productReference = 00E433482271EF45004EB282 /* readFromCSV.app */;
			productType = "com.apple.product-type.application";
		};
/* End PBXNativeTarget section */

/* Begin PBXProject section */
		00E433402271EF45004EB282 /* Project object */ = {
			isa = PBXProject;
			attributes = {
				LastSwiftUpdateCheck = 1020;
				LastUpgradeCheck = 1020;
				ORGANIZATIONNAME = "Lydia Kara";
				TargetAttributes = {
					00E433472271EF45004EB282 = {
						CreatedOnToolsVersion = 10.2;
					};
				};
			};
			buildConfigurationList = 00E433432271EF45004EB282 /* Build configuration list for PBXProject "readFromCSV" */;
			compatibilityVersion = "Xcode 9.3";
			developmentRegion = en;
			hasScannedForEncodings = 0;
			knownRegions = (
				en,
				Base,
			);
			mainGroup = 00E4333F2271EF45004EB282;
			productRefGroup = 00E433492271EF45004EB282 /* Products */;
			projectDirPath = "";
			projectRoot = "";
			targets = (
				00E433472271EF45004EB282 /* readFromCSV */,
			);
		};
/* End PBXProject section */

/* Begin PBXResourcesBuildPhase section */
		00E433462271EF45004EB282 /* Resources */ = {
			isa = PBXResourcesBuildPhase;
			buildActionMask = 2147483647;
			files = (
				00E433562271EF48004EB282 /* LaunchScreen.storyboard in Resources */,
				00E433532271EF48004EB282 /* Assets.xcassets in Resources */,
				00E433512271EF45004EB282 /* Main.storyboard in Resources */,
			);
			runOnlyForDeploymentPostprocessing = 0;
		};
/* End PBXResourcesBuildPhase section */

/* Begin PBXShellScriptBuildPhase section */
		9DBB944D6447A3EF5F9E42CF /* [CP] Check Pods Manifest.lock */ = {
			isa = PBXShellScriptBuildPhase;
			buildActionMask = 2147483647;
			files = (
			);
			inputFileListPaths = (
			);
			inputPaths = (
				"${PODS_PODFILE_DIR_PATH}/Podfile.lock",
				"${PODS_ROOT}/Manifest.lock",
			);
			name = "[CP] Check Pods Manifest.lock";
			outputFileListPaths = (
			);
			outputPaths = (
				"$(DERIVED_FILE_DIR)/Pods-readFromCSV-checkManifestLockResult.txt",
			);
			runOnlyForDeploymentPostprocessing = 0;
			shellPath = /bin/sh;
			shellScript = "diff \"${PODS_PODFILE_DIR_PATH}/Podfile.lock\" \"${PODS_ROOT}/Manifest.lock\" > /dev/null\nif [ $? != 0 ] ; then\n    # print error to STDERR\n    echo \"error: The sandbox is not in sync with the Podfile.lock. Run 'pod install' or update your CocoaPods installation.\" >&2\n    exit 1\nfi\n# This output is used by Xcode 'outputs' to avoid re-running this script phase.\necho \"SUCCESS\" > \"${SCRIPT_OUTPUT_FILE_0}\"\n";
			showEnvVarsInLog = 0;
		};
		DD6ADE9A2EB23ECBA8A0A76E /* [CP] Embed Pods Frameworks */ = {
			isa = PBXShellScriptBuildPhase;
			buildActionMask = 2147483647;
			files = (
			);
			inputFileListPaths = (
			);
			inputPaths = (
				"${PODS_ROOT}/Target Support Files/Pods-readFromCSV/Pods-readFromCSV-frameworks.sh",
				"${BUILT_PRODUCTS_DIR}/CSV.swift/CSV.framework",
				"${BUILT_PRODUCTS_DIR}/SQLite.swift/SQLite.framework",
			);
			name = "[CP] Embed Pods Frameworks";
			outputFileListPaths = (
			);
			outputPaths = (
				"${TARGET_BUILD_DIR}/${FRAMEWORKS_FOLDER_PATH}/CSV.framework",
				"${TARGET_BUILD_DIR}/${FRAMEWORKS_FOLDER_PATH}/SQLite.framework",
			);
			runOnlyForDeploymentPostprocessing = 0;
			shellPath = /bin/sh;
			shellScript = "\"${PODS_ROOT}/Target Support Files/Pods-readFromCSV/Pods-readFromCSV-frameworks.sh\"\n";
			showEnvVarsInLog = 0;
		};
/* End PBXShellScriptBuildPhase section */

/* Begin PBXSourcesBuildPhase section */
		00E433442271EF45004EB282 /* Sources */ = {
			isa = PBXSourcesBuildPhase;
			buildActionMask = 2147483647;
			files = (
				00E4334E2271EF45004EB282 /* ViewController.swift in Sources */,
				00E4334C2271EF45004EB282 /* AppDelegate.swift in Sources */,
			);
			runOnlyForDeploymentPostprocessing = 0;
		};
/* End PBXSourcesBuildPhase section */

/* Begin PBXVariantGroup section */
		00E4334F2271EF45004EB282 /* Main.storyboard */ = {
			isa = PBXVariantGroup;
			children = (
				00E433502271EF45004EB282 /* Base */,
			);
			name = Main.storyboard;
			sourceTree = "<group>";
		};
		00E433542271EF48004EB282 /* LaunchScreen.storyboard */ = {
			isa = PBXVariantGroup;
			children = (
				00E433552271EF48004EB282 /* Base */,
			);
			name = LaunchScreen.storyboard;
			sourceTree = "<group>";
		};
/* End PBXVariantGroup section */

/* Begin XCBuildConfiguration section */
		00E433582271EF48004EB282 /* Debug */ = {
			isa = XCBuildConfiguration;
			buildSettings = {
				ALWAYS_SEARCH_USER_PATHS = NO;
				CLANG_ANALYZER_NONNULL = YES;
				CLANG_ANALYZER_NUMBER_OBJECT_CONVERSION = YES_AGGRESSIVE;
				CLANG_CXX_LANGUAGE_STANDARD = "gnu++14";
				CLANG_CXX_LIBRARY = "libc++";
				CLANG_ENABLE_MODULES = YES;
				CLANG_ENABLE_OBJC_ARC = YES;
				CLANG_ENABLE_OBJC_WEAK = YES;
				CLANG_WARN_BLOCK_CAPTURE_AUTORELEASING = YES;
				CLANG_WARN_BOOL_CONVERSION = YES;
				CLANG_WARN_COMMA = YES;
				CLANG_WARN_CONSTANT_CONVERSION = YES;
				CLANG_WARN_DEPRECATED_OBJC_IMPLEMENTATIONS = YES;
				CLANG_WARN_DIRECT_OBJC_ISA_USAGE = YES_ERROR;
				CLANG_WARN_DOCUMENTATION_COMMENTS = YES;
				CLANG_WARN_EMPTY_BODY = YES;
				CLANG_WARN_ENUM_CONVERSION = YES;
				CLANG_WARN_INFINITE_RECURSION = YES;
				CLANG_WARN_INT_CONVERSION = YES;
				CLANG_WARN_NON_LITERAL_NULL_CONVERSION = YES;
				CLANG_WARN_OBJC_IMPLICIT_RETAIN_SELF = YES;
				CLANG_WARN_OBJC_LITERAL_CONVERSION = YES;
				CLANG_WARN_OBJC_ROOT_CLASS = YES_ERROR;
				CLANG_WARN_RANGE_LOOP_ANALYSIS = YES;
				CLANG_WARN_STRICT_PROTOTYPES = YES;
				CLANG_WARN_SUSPICIOUS_MOVE = YES;
				CLANG_WARN_UNGUARDED_AVAILABILITY = YES_AGGRESSIVE;
				CLANG_WARN_UNREACHABLE_CODE = YES;
				CLANG_WARN__DUPLICATE_METHOD_MATCH = YES;
				CODE_SIGN_IDENTITY = "iPhone Developer";
				COPY_PHASE_STRIP = NO;
				DEBUG_INFORMATION_FORMAT = dwarf;
				ENABLE_STRICT_OBJC_MSGSEND = YES;
				ENABLE_TESTABILITY = YES;
				GCC_C_LANGUAGE_STANDARD = gnu11;
				GCC_DYNAMIC_NO_PIC = NO;
				GCC_NO_COMMON_BLOCKS = YES;
				GCC_OPTIMIZATION_LEVEL = 0;
				GCC_PREPROCESSOR_DEFINITIONS = (
					"DEBUG=1",
					"$(inherited)",
				);
				GCC_WARN_64_TO_32_BIT_CONVERSION = YES;
				GCC_WARN_ABOUT_RETURN_TYPE = YES_ERROR;
				GCC_WARN_UNDECLARED_SELECTOR = YES;
				GCC_WARN_UNINITIALIZED_AUTOS = YES_AGGRESSIVE;
				GCC_WARN_UNUSED_FUNCTION = YES;
				GCC_WARN_UNUSED_VARIABLE = YES;
				IPHONEOS_DEPLOYMENT_TARGET = 12.2;
				MTL_ENABLE_DEBUG_INFO = INCLUDE_SOURCE;
				MTL_FAST_MATH = YES;
				ONLY_ACTIVE_ARCH = YES;
				SDKROOT = iphoneos;
				SWIFT_ACTIVE_COMPILATION_CONDITIONS = DEBUG;
				SWIFT_OPTIMIZATION_LEVEL = "-Onone";
			};
			name = Debug;
		};
		00E433592271EF48004EB282 /* Release */ = {
			isa = XCBuildConfiguration;
			buildSettings = {
				ALWAYS_SEARCH_USER_PATHS = NO;
				CLANG_ANALYZER_NONNULL = YES;
				CLANG_ANALYZER_NUMBER_OBJECT_CONVERSION = YES_AGGRESSIVE;
				CLANG_CXX_LANGUAGE_STANDARD = "gnu++14";
				CLANG_CXX_LIBRARY = "libc++";
				CLANG_ENABLE_MODULES = YES;
				CLANG_ENABLE_OBJC_ARC = YES;
				CLANG_ENABLE_OBJC_WEAK = YES;
				CLANG_WARN_BLOCK_CAPTURE_AUTORELEASING = YES;
				CLANG_WARN_BOOL_CONVERSION = YES;
				CLANG_WARN_COMMA = YES;
				CLANG_WARN_CONSTANT_CONVERSION = YES;
				CLANG_WARN_DEPRECATED_OBJC_IMPLEMENTATIONS = YES;
				CLANG_WARN_DIRECT_OBJC_ISA_USAGE = YES_ERROR;
				CLANG_WARN_DOCUMENTATION_COMMENTS = YES;
				CLANG_WARN_EMPTY_BODY = YES;
				CLANG_WARN_ENUM_CONVERSION = YES;
				CLANG_WARN_INFINITE_RECURSION = YES;
				CLANG_WARN_INT_CONVERSION = YES;
				CLANG_WARN_NON_LITERAL_NULL_CONVERSION = YES;
				CLANG_WARN_OBJC_IMPLICIT_RETAIN_SELF = YES;
				CLANG_WARN_OBJC_LITERAL_CONVERSION = YES;
				CLANG_WARN_OBJC_ROOT_CLASS = YES_ERROR;
				CLANG_WARN_RANGE_LOOP_ANALYSIS = YES;
				CLANG_WARN_STRICT_PROTOTYPES = YES;
				CLANG_WARN_SUSPICIOUS_MOVE = YES;
				CLANG_WARN_UNGUARDED_AVAILABILITY = YES_AGGRESSIVE;
				CLANG_WARN_UNREACHABLE_CODE = YES;
				CLANG_WARN__DUPLICATE_METHOD_MATCH = YES;
				CODE_SIGN_IDENTITY = "iPhone Developer";
				COPY_PHASE_STRIP = NO;
				DEBUG_INFORMATION_FORMAT = "dwarf-with-dsym";
				ENABLE_NS_ASSERTIONS = NO;
				ENABLE_STRICT_OBJC_MSGSEND = YES;
				GCC_C_LANGUAGE_STANDARD = gnu11;
				GCC_NO_COMMON_BLOCKS = YES;
				GCC_WARN_64_TO_32_BIT_CONVERSION = YES;
				GCC_WARN_ABOUT_RETURN_TYPE = YES_ERROR;
				GCC_WARN_UNDECLARED_SELECTOR = YES;
				GCC_WARN_UNINITIALIZED_AUTOS = YES_AGGRESSIVE;
				GCC_WARN_UNUSED_FUNCTION = YES;
				GCC_WARN_UNUSED_VARIABLE = YES;
				IPHONEOS_DEPLOYMENT_TARGET = 12.2;
				MTL_ENABLE_DEBUG_INFO = NO;
				MTL_FAST_MATH = YES;
				SDKROOT = iphoneos;
				SWIFT_COMPILATION_MODE = wholemodule;
				SWIFT_OPTIMIZATION_LEVEL = "-O";
				VALIDATE_PRODUCT = YES;
			};
			name = Release;
		};
		00E4335B2271EF48004EB282 /* Debug */ = {
			isa = XCBuildConfiguration;
			baseConfigurationReference = E177134443452140B8A5B561 /* Pods-readFromCSV.debug.xcconfig */;
			buildSettings = {
				ASSETCATALOG_COMPILER_APPICON_NAME = AppIcon;
				CODE_SIGN_STYLE = Automatic;
				DEVELOPMENT_TEAM = X8P8D8R4SZ;
				INFOPLIST_FILE = readFromCSV/Info.plist;
				LD_RUNPATH_SEARCH_PATHS = (
					"$(inherited)",
					"@executable_path/Frameworks",
				);
				PRODUCT_BUNDLE_IDENTIFIER = com.example.readFromCSV;
				PRODUCT_NAME = "$(TARGET_NAME)";
				SWIFT_VERSION = 5.0;
				TARGETED_DEVICE_FAMILY = "1,2";
			};
			name = Debug;
		};
		00E4335C2271EF48004EB282 /* Release */ = {
			isa = XCBuildConfiguration;
			baseConfigurationReference = 7FF72E2973E0F6F3930A604A /* Pods-readFromCSV.release.xcconfig */;
			buildSettings = {
				ASSETCATALOG_COMPILER_APPICON_NAME = AppIcon;
				CODE_SIGN_STYLE = Automatic;
				DEVELOPMENT_TEAM = X8P8D8R4SZ;
				INFOPLIST_FILE = readFromCSV/Info.plist;
				LD_RUNPATH_SEARCH_PATHS = (
					"$(inherited)",
					"@executable_path/Frameworks",
				);
				PRODUCT_BUNDLE_IDENTIFIER = com.example.readFromCSV;
				PRODUCT_NAME = "$(TARGET_NAME)";
				SWIFT_VERSION = 5.0;
				TARGETED_DEVICE_FAMILY = "1,2";
			};
			name = Release;
		};
/* End XCBuildConfiguration section */

/* Begin XCConfigurationList section */
		00E433432271EF45004EB282 /* Build configuration list for PBXProject "readFromCSV" */ = {
			isa = XCConfigurationList;
			buildConfigurations = (
				00E433582271EF48004EB282 /* Debug */,
				00E433592271EF48004EB282 /* Release */,
			);
			defaultConfigurationIsVisible = 0;
			defaultConfigurationName = Release;
		};
		00E4335A2271EF48004EB282 /* Build configuration list for PBXNativeTarget "readFromCSV" */ = {
			isa = XCConfigurationList;
			buildConfigurations = (
				00E4335B2271EF48004EB282 /* Debug */,
				00E4335C2271EF48004EB282 /* Release */,
			);
			defaultConfigurationIsVisible = 0;
			defaultConfigurationName = Release;
		};
/* End XCConfigurationList section */
	};
	rootObject = 00E433402271EF45004EB282 /* Project object */;
}
